
Microsoft Visual Studio Solution File, Format Version 12.00
# Visual Studio Express 2013 for Windows Desktop
VisualStudioVersion = 12.0.31101.0
MinimumVisualStudioVersion = 10.0.40219.1
Project("{888888A0-9F3D-457C-B088-3A5042F75D52}") = "HelloWorld", "HelloWorld\HelloWorld.pyproj", "{DCC769BB-720B-4BA9-874B-34B93BDD1DA2}"
EndProject
Project("{888888A0-9F3D-457C-B088-3A5042F75D52}") = "Exercise1", "Exercise1\Exercise1.pyproj", "{9F83E5B3-86BA-4FAB-B9EF-DFEBBAA37756}"
EndProject
Project("{888888A0-9F3D-457C-B088-3A5042F75D52}") = "Exercise2", "Exercise2\Exercise2.pyproj", "{4875125F-A3A9-4B91-AC6B-D0A95E04EC5D}"
EndProject
Project("{888888A0-9F3D-457C-B088-3A5042F75D52}") = "Exercise3", "Exercise3\Exercise3.pyproj", "{4182BF5E-3818-4A5A-9C20-BA4F175AAEC2}"
EndProject
Project("{888888A0-9F3D-457C-B088-3A5042F75D52}") = "Exercise4", "Exercise4\Exercise4.pyproj", "{5EA0FF10-FA66-4603-86AB-87B4B766462B}"
EndProject
Project("{888888A0-9F3D-457C-B088-3A5042F75D52}") = "Exercise5", "Exercise5\Exercise5.pyproj", "{67FBE496-0100-4361-B428-CC12750A31FF}"
EndProject
Project("{888888A0-9F3D-457C-B088-3A5042F75D52}") = "Exercise6", "Exercise6\Exercise6.pyproj", "{46903DF3-DB7F-42F7-9280-74FED4F75D75}"
EndProject
Project("{888888A0-9F3D-457C-B088-3A5042F75D52}") = "Exercise7", "Exercise7\Exercise7.pyproj", "{3C935130-82A2-4E89-BD7A-523A46F46943}"
EndProject
Project("{888888A0-9F3D-457C-B088-3A5042F75D52}") = "Exercise8", "Exercise8\Exercise8.pyproj", "{2C594C5C-7422-4486-A6C9-9B51D0BD6EFF}"
EndProject
Project("{888888A0-9F3D-457C-B088-3A5042F75D52}") = "CourseaExercise", "CourseaExercise\CourseaExercise.pyproj", "{09F916F2-93C6-405A-9DBB-701B7BB29810}"
EndProject
Global
	GlobalSection(SolutionConfigurationPlatforms) = preSolution
		Debug|Any CPU = Debug|Any CPU
		Release|Any CPU = Release|Any CPU
	EndGlobalSection
	GlobalSection(ProjectConfigurationPlatforms) = postSolution
		{DCC769BB-720B-4BA9-874B-34B93BDD1DA2}.Debug|Any CPU.ActiveCfg = Debug|Any CPU
		{DCC769BB-720B-4BA9-874B-34B93BDD1DA2}.Release|Any CPU.ActiveCfg = Release|Any CPU
		{9F83E5B3-86BA-4FAB-B9EF-DFEBBAA37756}.Debug|Any CPU.ActiveCfg = Debug|Any CPU
		{9F83E5B3-86BA-4FAB-B9EF-DFEBBAA37756}.Release|Any CPU.ActiveCfg = Release|Any CPU
		{4875125F-A3A9-4B91-AC6B-D0A95E04EC5D}.Debug|Any CPU.ActiveCfg = Debug|Any CPU
		{4875125F-A3A9-4B91-AC6B-D0A95E04EC5D}.Release|Any CPU.ActiveCfg = Release|Any CPU
		{4182BF5E-3818-4A5A-9C20-BA4F175AAEC2}.Debug|Any CPU.ActiveCfg = Debug|Any CPU
		{4182BF5E-3818-4A5A-9C20-BA4F175AAEC2}.Release|Any CPU.ActiveCfg = Release|Any CPU
		{5EA0FF10-FA66-4603-86AB-87B4B766462B}.Debug|Any CPU.ActiveCfg = Debug|Any CPU
		{5EA0FF10-FA66-4603-86AB-87B4B766462B}.Release|Any CPU.ActiveCfg = Release|Any CPU
		{67FBE496-0100-4361-B428-CC12750A31FF}.Debug|Any CPU.ActiveCfg = Debug|Any CPU
		{67FBE496-0100-4361-B428-CC12750A31FF}.Release|Any CPU.ActiveCfg = Release|Any CPU
		{46903DF3-DB7F-42F7-9280-74FED4F75D75}.Debug|Any CPU.ActiveCfg = Debug|Any CPU
		{46903DF3-DB7F-42F7-9280-74FED4F75D75}.Release|Any CPU.ActiveCfg = Release|Any CPU
		{3C935130-82A2-4E89-BD7A-523A46F46943}.Debug|Any CPU.ActiveCfg = Debug|Any CPU
		{3C935130-82A2-4E89-BD7A-523A46F46943}.Release|Any CPU.ActiveCfg = Release|Any CPU
		{2C594C5C-7422-4486-A6C9-9B51D0BD6EFF}.Debug|Any CPU.ActiveCfg = Debug|Any CPU
		{2C594C5C-7422-4486-A6C9-9B51D0BD6EFF}.Release|Any CPU.ActiveCfg = Release|Any CPU
		{09F916F2-93C6-405A-9DBB-701B7BB29810}.Debug|Any CPU.ActiveCfg = Debug|Any CPU
		{09F916F2-93C6-405A-9DBB-701B7BB29810}.Release|Any CPU.ActiveCfg = Release|Any CPU
	EndGlobalSection
	GlobalSection(SolutionProperties) = preSolution
		HideSolutionNode = FALSE
	EndGlobalSection
EndGlobal
